// !$*UTF8*$!
{
	archiveVersion = 1;
	classes = {
	};
	objectVersion = 46;
	objects = {

/* Begin PBXBuildFile section */
		23E63FC01DAC2EB10045535D /* AppDelegate.swift in Sources */ = {isa = PBXBuildFile; fileRef = 23E63FBF1DAC2EB10045535D /* AppDelegate.swift */; };
		23E63FC21DAC2EB10045535D /* ViewController.swift in Sources */ = {isa = PBXBuildFile; fileRef = 23E63FC11DAC2EB10045535D /* ViewController.swift */; };
		23E63FC51DAC2EB10045535D /* Main.storyboard in Resources */ = {isa = PBXBuildFile; fileRef = 23E63FC31DAC2EB10045535D /* Main.storyboard */; };
		23E63FC71DAC2EB10045535D /* Assets.xcassets in Resources */ = {isa = PBXBuildFile; fileRef = 23E63FC61DAC2EB10045535D /* Assets.xcassets */; };
		23E63FCA1DAC2EB10045535D /* LaunchScreen.storyboard in Resources */ = {isa = PBXBuildFile; fileRef = 23E63FC81DAC2EB10045535D /* LaunchScreen.storyboard */; };
/* End PBXBuildFile section */

/* Begin PBXFileReference section */
		23E63FBC1DAC2EB10045535D /* MissingPersons.app */ = {isa = PBXFileReference; explicitFileType = wrapper.application; includeInIndex = 0; path = MissingPersons.app; sourceTree = BUILT_PRODUCTS_DIR; };
		23E63FBF1DAC2EB10045535D /* AppDelegate.swift */ = {isa = PBXFileReference; lastKnownFileType = sourcecode.swift; path = AppDelegate.swift; sourceTree = "<group>"; };
		23E63FC11DAC2EB10045535D /* ViewController.swift */ = {isa = PBXFileReference; lastKnownFileType = sourcecode.swift; path = ViewController.swift; sourceTree = "<group>"; };
		23E63FC41DAC2EB10045535D /* Base */ = {isa = PBXFileReference; lastKnownFileType = file.storyboard; name = Base; path = Base.lproj/Main.storyboard; sourceTree = "<group>"; };
		23E63FC61DAC2EB10045535D /* Assets.xcassets */ = {isa = PBXFileReference; lastKnownFileType = folder.assetcatalog; path = Assets.xcassets; sourceTree = "<group>"; };
		23E63FC91DAC2EB10045535D /* Base */ = {isa = PBXFileReference; lastKnownFileType = file.storyboard; name = Base; path = Base.lproj/LaunchScreen.storyboard; sourceTree = "<group>"; };
		23E63FCB1DAC2EB10045535D /* Info.plist */ = {isa = PBXFileReference; lastKnownFileType = text.plist.xml; path = Info.plist; sourceTree = "<group>"; };
/* End PBXFileReference section */

/* Begin PBXFrameworksBuildPhase section */
		23E63FB91DAC2EB10045535D /* Frameworks */ = {
			isa = PBXFrameworksBuildPhase;
			buildActionMask = 2147483647;
			files = (
			);
			runOnlyForDeploymentPostprocessing = 0;
		};
/* End PBXFrameworksBuildPhase section */

/* Begin PBXGroup section */
		23E63FB31DAC2EB10045535D = {
			isa = PBXGroup;
			children = (
				23E63FBE1DAC2EB10045535D /* MissingPersons */,
				23E63FBD1DAC2EB10045535D /* Products */,
			);
			sourceTree = "<group>";
		};
		23E63FBD1DAC2EB10045535D /* Products */ = {
			isa = PBXGroup;
			children = (
				23E63FBC1DAC2EB10045535D /* MissingPersons.app */,
			);
			name = Products;
			sourceTree = "<group>";
		};
		23E63FBE1DAC2EB10045535D /* MissingPersons */ = {
			isa = PBXGroup;
			children = (
				23E63FBF1DAC2EB10045535D /* AppDelegate.swift */,
				23E63FC11DAC2EB10045535D /* ViewController.swift */,
				23E63FC31DAC2EB10045535D /* Main.storyboard */,
				23E63FC61DAC2EB10045535D /* Assets.xcassets */,
				23E63FC81DAC2EB10045535D /* LaunchScreen.storyboard */,
				23E63FCB1DAC2EB10045535D /* Info.plist */,
			);
			path = MissingPersons;
			sourceTree = "<group>";
		};
/* End PBXGroup section */

/* Begin PBXNativeTarget section */
		23E63FBB1DAC2EB10045535D /* MissingPersons */ = {
			isa = PBXNativeTarget;
			buildConfigurationList = 23E63FCE1DAC2EB10045535D /* Build configuration list for PBXNativeTarget "MissingPersons" */;
			buildPhases = (
				23E63FB81DAC2EB10045535D /* Sources */,
				23E63FB91DAC2EB10045535D /* Frameworks */,
				23E63FBA1DAC2EB10045535D /* Resources */,
			);
			buildRules = (
			);
			dependencies = (
			);
			name = MissingPersons;
			productName = MissingPersons;
			productReference = 23E63FBC1DAC2EB10045535D /* MissingPersons.app */;
			productType = "com.apple.product-type.application";
		};
/* End PBXNativeTarget section */

/* Begin PBXProject section */
		23E63FB41DAC2EB10045535D /* Project object */ = {
			isa = PBXProject;
			attributes = {
				LastSwiftUpdateCheck = 0800;
				LastUpgradeCheck = 0800;
				ORGANIZATIONNAME = "Kacper Kowalski";
				TargetAttributes = {
					23E63FBB1DAC2EB10045535D = {
						CreatedOnToolsVersion = 8.0;
						ProvisioningStyle = Automatic;
					};
				};
			};
			buildConfigurationList = 23E63FB71DAC2EB10045535D /* Build configuration list for PBXProject "MissingPersons" */;
			compatibilityVersion = "Xcode 3.2";
			developmentRegion = English;
			hasScannedForEncodings = 0;
			knownRegions = (
				en,
				Base,
			);
			mainGroup = 23E63FB31DAC2EB10045535D;
			productRefGroup = 23E63FBD1DAC2EB10045535D /* Products */;
			projectDirPath = "";
			projectRoot = "";
			targets = (
				23E63FBB1DAC2EB10045535D /* MissingPersons */,
			);
		};
/* End PBXProject section */

/* Begin PBXResourcesBuildPhase section */
		23E63FBA1DAC2EB10045535D /* Resources */ = {
			isa = PBXResourcesBuildPhase;
			buildActionMask = 2147483647;
			files = (
				23E63FCA1DAC2EB10045535D /* LaunchScreen.storyboard in Resources */,
				23E63FC71DAC2EB10045535D /* Assets.xcassets in Resources */,
				23E63FC51DAC2EB10045535D /* Main.storyboard in Resources */,
			);
			runOnlyForDeploymentPostprocessing = 0;
		};
/* End PBXResourcesBuildPhase section */

/* Begin PBXSourcesBuildPhase section */
		23E63FB81DAC2EB10045535D /* Sources */ = {
			isa = PBXSourcesBuildPhase;
			buildActionMask = 2147483647;
			files = (
				23E63FC21DAC2EB10045535D /* ViewController.swift in Sources */,
				23E63FC01DAC2EB10045535D /* AppDelegate.swift in Sources */,
			);
			runOnlyForDeploymentPostprocessing = 0;
		};
/* End PBXSourcesBuildPhase section */

/* Begin PBXVariantGroup section */
		23E63FC31DAC2EB10045535D /* Main.storyboard */ = {
			isa = PBXVariantGroup;
			children = (
				23E63FC41DAC2EB10045535D /* Base */,
			);
			name = Main.storyboard;
			sourceTree = "<group>";
		};
		23E63FC81DAC2EB10045535D /* LaunchScreen.storyboard */ = {
			isa = PBXVariantGroup;
			children = (
				23E63FC91DAC2EB10045535D /* Base */,
			);
			name = LaunchScreen.storyboard;
			sourceTree = "<group>";
		};
/* End PBXVariantGroup section */

/* Begin XCBuildConfiguration section */
		23E63FCC1DAC2EB10045535D /* Debug */ = {
			isa = XCBuildConfiguration;
			buildSettings = {
				ALWAYS_SEARCH_USER_PATHS = NO;
				CLANG_ANALYZER_NONNULL = YES;
				CLANG_CXX_LANGUAGE_STANDARD = "gnu++0x";
				CLANG_CXX_LIBRARY = "libc++";
				CLANG_ENABLE_MODULES = YES;
				CLANG_ENABLE_OBJC_ARC = YES;
				CLANG_WARN_BOOL_CONVERSION = YES;
				CLANG_WARN_CONSTANT_CONVERSION = YES;
				CLANG_WARN_DIRECT_OBJC_ISA_USAGE = YES_ERROR;
				CLANG_WARN_DOCUMENTATION_COMMENTS = YES;
				CLANG_WARN_EMPTY_BODY = YES;
				CLANG_WARN_ENUM_CONVERSION = YES;
				CLANG_WARN_INFINITE_RECURSION = YES;
				CLANG_WARN_INT_CONVERSION = YES;
				CLANG_WARN_OBJC_ROOT_CLASS = YES_ERROR;
				CLANG_WARN_SUSPICIOUS_MOVES = YES;
				CLANG_WARN_UNREACHABLE_CODE = YES;
				CLANG_WARN__DUPLICATE_METHOD_MATCH = YES;
				"CODE_SIGN_IDENTITY[sdk=iphoneos*]" = "iPhone Developer";
				COPY_PHASE_STRIP = NO;
				DEBUG_INFORMATION_FORMAT = dwarf;
				ENABLE_STRICT_OBJC_MSGSEND = YES;
				ENABLE_TESTABILITY = YES;
				GCC_C_LANGUAGE_STANDARD = gnu99;
				GCC_DYNAMIC_NO_PIC = NO;
				GCC_NO_COMMON_BLOCKS = YES;
				GCC_OPTIMIZATION_LEVEL = 0;
				GCC_PREPROCESSOR_DEFINITIONS = (
					"DEBUG=1",
					"$(inherited)",
				);
				GCC_WARN_64_TO_32_BIT_CONVERSION = YES;
				GCC_WARN_ABOUT_RETURN_TYPE = YES_ERROR;
				GCC_WARN_UNDECLARED_SELECTOR = YES;
				GCC_WARN_UNINITIALIZED_AUTOS = YES_AGGRESSIVE;
				GCC_WARN_UNUSED_FUNCTION = YES;
				GCC_WARN_UNUSED_VARIABLE = YES;
				IPHONEOS_DEPLOYMENT_TARGET = 10.0;
				MTL_ENABLE_DEBUG_INFO = YES;
				ONLY_ACTIVE_ARCH = YES;
				SDKROOT = iphoneos;
				SWIFT_ACTIVE_COMPILATION_CONDITIONS = DEBUG;
				SWIFT_OPTIMIZATION_LEVEL = "-Onone";
				TARGETED_DEVICE_FAMILY = "1,2";
			};
			name = Debug;
		};
		23E63FCD1DAC2EB10045535D /* Release */ = {
			isa = XCBuildConfiguration;
			buildSettings = {
				ALWAYS_SEARCH_USER_PATHS = NO;
				CLANG_ANALYZER_NONNULL = YES;
				CLANG_CXX_LANGUAGE_STANDARD = "gnu++0x";
				CLANG_CXX_LIBRARY = "libc++";
				CLANG_ENABLE_MODULES = YES;
				CLANG_ENABLE_OBJC_ARC = YES;
				CLANG_WARN_BOOL_CONVERSION = YES;
				CLANG_WARN_CONSTANT_CONVERSION = YES;
				CLANG_WARN_DIRECT_OBJC_ISA_USAGE = YES_ERROR;
				CLANG_WARN_DOCUMENTATION_COMMENTS = YES;
				CLANG_WARN_EMPTY_BODY = YES;
				CLANG_WARN_ENUM_CONVERSION = YES;
				CLANG_WARN_INFINITE_RECURSION = YES;
				CLANG_WARN_INT_CONVERSION = YES;
				CLANG_WARN_OBJC_ROOT_CLASS = YES_ERROR;
				CLANG_WARN_SUSPICIOUS_MOVES = YES;
				CLANG_WARN_UNREACHABLE_CODE = YES;
				CLANG_WARN__DUPLICATE_METHOD_MATCH = YES;
				"CODE_SIGN_IDENTITY[sdk=iphoneos*]" = "iPhone Developer";
				COPY_PHASE_STRIP = NO;
				DEBUG_INFORMATION_FORMAT = "dwarf-with-dsym";
				ENABLE_NS_ASSERTIONS = NO;
				ENABLE_STRICT_OBJC_MSGSEND = YES;
				GCC_C_LANGUAGE_STANDARD = gnu99;
				GCC_NO_COMMON_BLOCKS = YES;
				GCC_WARN_64_TO_32_BIT_CONVERSION = YES;
				GCC_WARN_ABOUT_RETURN_TYPE = YES_ERROR;
				GCC_WARN_UNDECLARED_SELECTOR = YES;
				GCC_WARN_UNINITIALIZED_AUTOS = YES_AGGRESSIVE;
				GCC_WARN_UNUSED_FUNCTION = YES;
				GCC_WARN_UNUSED_VARIABLE = YES;
				IPHONEOS_DEPLOYMENT_TARGET = 10.0;
				MTL_ENABLE_DEBUG_INFO = NO;
				SDKROOT = iphoneos;
				SWIFT_OPTIMIZATION_LEVEL = "-Owholemodule";
				TARGETED_DEVICE_FAMILY = "1,2";
				VALIDATE_PRODUCT = YES;
			};
			name = Release;
		};
		23E63FCF1DAC2EB10045535D /* Debug */ = {
			isa = XCBuildConfiguration;
			buildSettings = {
				ASSETCATALOG_COMPILER_APPICON_NAME = AppIcon;
				INFOPLIST_FILE = MissingPersons/Info.plist;
				LD_RUNPATH_SEARCH_PATHS = "$(inherited) @executable_path/Frameworks";
				PRODUCT_BUNDLE_IDENTIFIER = kkovalsky.MissingPersons;
				PRODUCT_NAME = "$(TARGET_NAME)";
				SWIFT_VERSION = 3.0;
			};
			name = Debug;
		};
		23E63FD01DAC2EB10045535D /* Release */ = {
			isa = XCBuildConfiguration;
			buildSettings = {
				ASSETCATALOG_COMPILER_APPICON_NAME = AppIcon;
				INFOPLIST_FILE = MissingPersons/Info.plist;
				LD_RUNPATH_SEARCH_PATHS = "$(inherited) @executable_path/Frameworks";
				PRODUCT_BUNDLE_IDENTIFIER = kkovalsky.MissingPersons;
				PRODUCT_NAME = "$(TARGET_NAME)";
				SWIFT_VERSION = 3.0;
			};
			name = Release;
		};
/* End XCBuildConfiguration section */

/* Begin XCConfigurationList section */
		23E63FB71DAC2EB10045535D /* Build configuration list for PBXProject "MissingPersons" */ = {
			isa = XCConfigurationList;
			buildConfigurations = (
				23E63FCC1DAC2EB10045535D /* Debug */,
				23E63FCD1DAC2EB10045535D /* Release */,
			);
			defaultConfigurationIsVisible = 0;
			defaultConfigurationName = Release;
		};
		23E63FCE1DAC2EB10045535D /* Build configuration list for PBXNativeTarget "MissingPersons" */ = {
			isa = XCConfigurationList;
			buildConfigurations = (
				23E63FCF1DAC2EB10045535D /* Debug */,
				23E63FD01DAC2EB10045535D /* Release */,
			);
			defaultConfigurationIsVisible = 0;
		};
/* End XCConfigurationList section */
	};
	rootObject = 23E63FB41DAC2EB10045535D /* Project object */;
}
